// !$*UTF8*$!
{
	archiveVersion = 1;
	classes = {
	};
	objectVersion = 55;
	objects = {

/* Begin PBXBuildFile section */
		2AA8F72A87337BA7DCFE09DE /* Pods_Yummie.framework in Frameworks */ = {isa = PBXBuildFile; fileRef = 30440A8649A75089540803F4 /* Pods_Yummie.framework */; };
		848D9F36284A2415008CDF7F /* AppDelegate.swift in Sources */ = {isa = PBXBuildFile; fileRef = 848D9F35284A2415008CDF7F /* AppDelegate.swift */; };
		848D9F38284A2415008CDF7F /* SceneDelegate.swift in Sources */ = {isa = PBXBuildFile; fileRef = 848D9F37284A2415008CDF7F /* SceneDelegate.swift */; };
		848D9F3D284A2415008CDF7F /* Main.storyboard in Resources */ = {isa = PBXBuildFile; fileRef = 848D9F3B284A2415008CDF7F /* Main.storyboard */; };
		848D9F3F284A2417008CDF7F /* Assets.xcassets in Resources */ = {isa = PBXBuildFile; fileRef = 848D9F3E284A2417008CDF7F /* Assets.xcassets */; };
		848D9F42284A2417008CDF7F /* LaunchScreen.storyboard in Resources */ = {isa = PBXBuildFile; fileRef = 848D9F40284A2417008CDF7F /* LaunchScreen.storyboard */; };
		848D9F4E284A3956008CDF7F /* OnboardingViewController.swift in Sources */ = {isa = PBXBuildFile; fileRef = 848D9F4D284A3956008CDF7F /* OnboardingViewController.swift */; };
		848D9F51284A3CCB008CDF7F /* UIView+Extension.swift in Sources */ = {isa = PBXBuildFile; fileRef = 848D9F50284A3CCB008CDF7F /* UIView+Extension.swift */; };
		848D9F53284A3F61008CDF7F /* OnboardingSlide.swift in Sources */ = {isa = PBXBuildFile; fileRef = 848D9F52284A3F61008CDF7F /* OnboardingSlide.swift */; };
		848D9F55284A42C4008CDF7F /* OnboardingCollectionViewCell.swift in Sources */ = {isa = PBXBuildFile; fileRef = 848D9F54284A42C4008CDF7F /* OnboardingCollectionViewCell.swift */; };
		848D9F58284BA936008CDF7F /* HomeViewController.swift in Sources */ = {isa = PBXBuildFile; fileRef = 848D9F57284BA936008CDF7F /* HomeViewController.swift */; };
		848D9F5D284BB00E008CDF7F /* CategoryCollectionViewCell.swift in Sources */ = {isa = PBXBuildFile; fileRef = 848D9F5B284BB00E008CDF7F /* CategoryCollectionViewCell.swift */; };
		848D9F5E284BB00E008CDF7F /* CategoryCollectionViewCell.xib in Resources */ = {isa = PBXBuildFile; fileRef = 848D9F5C284BB00E008CDF7F /* CategoryCollectionViewCell.xib */; };
		848D9F60284BB2DC008CDF7F /* DishCategory.swift in Sources */ = {isa = PBXBuildFile; fileRef = 848D9F5F284BB2DC008CDF7F /* DishCategory.swift */; };
		848D9F62284CD269008CDF7F /* String+Extension.swift in Sources */ = {isa = PBXBuildFile; fileRef = 848D9F61284CD269008CDF7F /* String+Extension.swift */; };
		848D9F65284CD99F008CDF7F /* CardView.swift in Sources */ = {isa = PBXBuildFile; fileRef = 848D9F64284CD99F008CDF7F /* CardView.swift */; };
		848D9F69284CED83008CDF7F /* DishPortraitCollectionViewCell.swift in Sources */ = {isa = PBXBuildFile; fileRef = 848D9F67284CED83008CDF7F /* DishPortraitCollectionViewCell.swift */; };
		848D9F6A284CED83008CDF7F /* DishPortraitCollectionViewCell.xib in Resources */ = {isa = PBXBuildFile; fileRef = 848D9F68284CED83008CDF7F /* DishPortraitCollectionViewCell.xib */; };
		848D9F6C284CEFE0008CDF7F /* Dish.swift in Sources */ = {isa = PBXBuildFile; fileRef = 848D9F6B284CEFE0008CDF7F /* Dish.swift */; };
/* End PBXBuildFile section */

/* Begin PBXFileReference section */
		30440A8649A75089540803F4 /* Pods_Yummie.framework */ = {isa = PBXFileReference; explicitFileType = wrapper.framework; includeInIndex = 0; path = Pods_Yummie.framework; sourceTree = BUILT_PRODUCTS_DIR; };
		848D9F32284A2415008CDF7F /* Yummie.app */ = {isa = PBXFileReference; explicitFileType = wrapper.application; includeInIndex = 0; path = Yummie.app; sourceTree = BUILT_PRODUCTS_DIR; };
		848D9F35284A2415008CDF7F /* AppDelegate.swift */ = {isa = PBXFileReference; lastKnownFileType = sourcecode.swift; path = AppDelegate.swift; sourceTree = "<group>"; };
		848D9F37284A2415008CDF7F /* SceneDelegate.swift */ = {isa = PBXFileReference; lastKnownFileType = sourcecode.swift; path = SceneDelegate.swift; sourceTree = "<group>"; };
		848D9F3C284A2415008CDF7F /* Base */ = {isa = PBXFileReference; lastKnownFileType = file.storyboard; name = Base; path = Base.lproj/Main.storyboard; sourceTree = "<group>"; };
		848D9F3E284A2417008CDF7F /* Assets.xcassets */ = {isa = PBXFileReference; lastKnownFileType = folder.assetcatalog; path = Assets.xcassets; sourceTree = "<group>"; };
		848D9F41284A2417008CDF7F /* Base */ = {isa = PBXFileReference; lastKnownFileType = file.storyboard; name = Base; path = Base.lproj/LaunchScreen.storyboard; sourceTree = "<group>"; };
		848D9F43284A2417008CDF7F /* Info.plist */ = {isa = PBXFileReference; lastKnownFileType = text.plist.xml; path = Info.plist; sourceTree = "<group>"; };
		848D9F4D284A3956008CDF7F /* OnboardingViewController.swift */ = {isa = PBXFileReference; lastKnownFileType = sourcecode.swift; path = OnboardingViewController.swift; sourceTree = "<group>"; };
		848D9F50284A3CCB008CDF7F /* UIView+Extension.swift */ = {isa = PBXFileReference; lastKnownFileType = sourcecode.swift; path = "UIView+Extension.swift"; sourceTree = "<group>"; };
		848D9F52284A3F61008CDF7F /* OnboardingSlide.swift */ = {isa = PBXFileReference; lastKnownFileType = sourcecode.swift; path = OnboardingSlide.swift; sourceTree = "<group>"; };
		848D9F54284A42C4008CDF7F /* OnboardingCollectionViewCell.swift */ = {isa = PBXFileReference; lastKnownFileType = sourcecode.swift; path = OnboardingCollectionViewCell.swift; sourceTree = "<group>"; };
		848D9F57284BA936008CDF7F /* HomeViewController.swift */ = {isa = PBXFileReference; lastKnownFileType = sourcecode.swift; path = HomeViewController.swift; sourceTree = "<group>"; };
		848D9F5B284BB00E008CDF7F /* CategoryCollectionViewCell.swift */ = {isa = PBXFileReference; lastKnownFileType = sourcecode.swift; path = CategoryCollectionViewCell.swift; sourceTree = "<group>"; };
		848D9F5C284BB00E008CDF7F /* CategoryCollectionViewCell.xib */ = {isa = PBXFileReference; lastKnownFileType = file.xib; path = CategoryCollectionViewCell.xib; sourceTree = "<group>"; };
		848D9F5F284BB2DC008CDF7F /* DishCategory.swift */ = {isa = PBXFileReference; lastKnownFileType = sourcecode.swift; path = DishCategory.swift; sourceTree = "<group>"; };
		848D9F61284CD269008CDF7F /* String+Extension.swift */ = {isa = PBXFileReference; lastKnownFileType = sourcecode.swift; path = "String+Extension.swift"; sourceTree = "<group>"; };
		848D9F64284CD99F008CDF7F /* CardView.swift */ = {isa = PBXFileReference; lastKnownFileType = sourcecode.swift; path = CardView.swift; sourceTree = "<group>"; };
		848D9F67284CED83008CDF7F /* DishPortraitCollectionViewCell.swift */ = {isa = PBXFileReference; lastKnownFileType = sourcecode.swift; path = DishPortraitCollectionViewCell.swift; sourceTree = "<group>"; };
		848D9F68284CED83008CDF7F /* DishPortraitCollectionViewCell.xib */ = {isa = PBXFileReference; lastKnownFileType = file.xib; path = DishPortraitCollectionViewCell.xib; sourceTree = "<group>"; };
		848D9F6B284CEFE0008CDF7F /* Dish.swift */ = {isa = PBXFileReference; lastKnownFileType = sourcecode.swift; path = Dish.swift; sourceTree = "<group>"; };
		B110B0D2946D54A1E5E9DB52 /* Pods-Yummie.debug.xcconfig */ = {isa = PBXFileReference; includeInIndex = 1; lastKnownFileType = text.xcconfig; name = "Pods-Yummie.debug.xcconfig"; path = "Target Support Files/Pods-Yummie/Pods-Yummie.debug.xcconfig"; sourceTree = "<group>"; };
		C9AD1BFF846C3B7CD4C64745 /* Pods-Yummie.release.xcconfig */ = {isa = PBXFileReference; includeInIndex = 1; lastKnownFileType = text.xcconfig; name = "Pods-Yummie.release.xcconfig"; path = "Target Support Files/Pods-Yummie/Pods-Yummie.release.xcconfig"; sourceTree = "<group>"; };
/* End PBXFileReference section */

/* Begin PBXFrameworksBuildPhase section */
		848D9F2F284A2415008CDF7F /* Frameworks */ = {
			isa = PBXFrameworksBuildPhase;
			buildActionMask = 2147483647;
			files = (
				2AA8F72A87337BA7DCFE09DE /* Pods_Yummie.framework in Frameworks */,
			);
			runOnlyForDeploymentPostprocessing = 0;
		};
/* End PBXFrameworksBuildPhase section */

/* Begin PBXGroup section */
		0A89D9A7D626ABD32EA450C1 /* Pods */ = {
			isa = PBXGroup;
			children = (
				B110B0D2946D54A1E5E9DB52 /* Pods-Yummie.debug.xcconfig */,
				C9AD1BFF846C3B7CD4C64745 /* Pods-Yummie.release.xcconfig */,
			);
			path = Pods;
			sourceTree = "<group>";
		};
		848D9F29284A2415008CDF7F = {
			isa = PBXGroup;
			children = (
				848D9F34284A2415008CDF7F /* Yummie */,
				848D9F33284A2415008CDF7F /* Products */,
				0A89D9A7D626ABD32EA450C1 /* Pods */,
				B5B2145EEFDC972DC97BF60E /* Frameworks */,
			);
			sourceTree = "<group>";
		};
		848D9F33284A2415008CDF7F /* Products */ = {
			isa = PBXGroup;
			children = (
				848D9F32284A2415008CDF7F /* Yummie.app */,
			);
			name = Products;
			sourceTree = "<group>";
		};
		848D9F34284A2415008CDF7F /* Yummie */ = {
			isa = PBXGroup;
			children = (
				848D9F4F284A3C9B008CDF7F /* Extensions */,
				848D9F4B284A38E6008CDF7F /* CustomViews */,
				848D9F4A284A38CD008CDF7F /* Views */,
				848D9F49284A3855008CDF7F /* Models */,
				848D9F35284A2415008CDF7F /* AppDelegate.swift */,
				848D9F37284A2415008CDF7F /* SceneDelegate.swift */,
				848D9F3B284A2415008CDF7F /* Main.storyboard */,
				848D9F3E284A2417008CDF7F /* Assets.xcassets */,
				848D9F40284A2417008CDF7F /* LaunchScreen.storyboard */,
				848D9F43284A2417008CDF7F /* Info.plist */,
			);
			path = Yummie;
			sourceTree = "<group>";
		};
		848D9F49284A3855008CDF7F /* Models */ = {
			isa = PBXGroup;
			children = (
				848D9F52284A3F61008CDF7F /* OnboardingSlide.swift */,
				848D9F5F284BB2DC008CDF7F /* DishCategory.swift */,
				848D9F6B284CEFE0008CDF7F /* Dish.swift */,
			);
			path = Models;
			sourceTree = "<group>";
		};
		848D9F4A284A38CD008CDF7F /* Views */ = {
			isa = PBXGroup;
			children = (
				848D9F56284BA8DD008CDF7F /* Home */,
				848D9F4C284A38FC008CDF7F /* Onboarding */,
			);
			path = Views;
			sourceTree = "<group>";
		};
		848D9F4B284A38E6008CDF7F /* CustomViews */ = {
			isa = PBXGroup;
			children = (
				848D9F63284CD97F008CDF7F /* CardView */,
				848D9F59284BAFA4008CDF7F /* CollectionViewCell */,
			);
			path = CustomViews;
			sourceTree = "<group>";
		};
		848D9F4C284A38FC008CDF7F /* Onboarding */ = {
			isa = PBXGroup;
			children = (
				848D9F4D284A3956008CDF7F /* OnboardingViewController.swift */,
				848D9F54284A42C4008CDF7F /* OnboardingCollectionViewCell.swift */,
			);
			name = Onboarding;
			sourceTree = "<group>";
		};
		848D9F4F284A3C9B008CDF7F /* Extensions */ = {
			isa = PBXGroup;
			children = (
				848D9F50284A3CCB008CDF7F /* UIView+Extension.swift */,
				848D9F61284CD269008CDF7F /* String+Extension.swift */,
			);
			path = Extensions;
			sourceTree = "<group>";
		};
		848D9F56284BA8DD008CDF7F /* Home */ = {
			isa = PBXGroup;
			children = (
				848D9F57284BA936008CDF7F /* HomeViewController.swift */,
			);
			name = Home;
			sourceTree = "<group>";
		};
		848D9F59284BAFA4008CDF7F /* CollectionViewCell */ = {
			isa = PBXGroup;
			children = (
				848D9F66284CED48008CDF7F /* DishPortraitCollectionViewCell */,
				848D9F5A284BAFCA008CDF7F /* CategoryCollectionViewCell */,
			);
			path = CollectionViewCell;
			sourceTree = "<group>";
		};
		848D9F5A284BAFCA008CDF7F /* CategoryCollectionViewCell */ = {
			isa = PBXGroup;
			children = (
				848D9F5B284BB00E008CDF7F /* CategoryCollectionViewCell.swift */,
				848D9F5C284BB00E008CDF7F /* CategoryCollectionViewCell.xib */,
			);
			path = CategoryCollectionViewCell;
			sourceTree = "<group>";
		};
		848D9F63284CD97F008CDF7F /* CardView */ = {
			isa = PBXGroup;
			children = (
				848D9F64284CD99F008CDF7F /* CardView.swift */,
			);
			path = CardView;
			sourceTree = "<group>";
		};
		848D9F66284CED48008CDF7F /* DishPortraitCollectionViewCell */ = {
			isa = PBXGroup;
			children = (
				848D9F67284CED83008CDF7F /* DishPortraitCollectionViewCell.swift */,
				848D9F68284CED83008CDF7F /* DishPortraitCollectionViewCell.xib */,
			);
			path = DishPortraitCollectionViewCell;
			sourceTree = "<group>";
		};
		B5B2145EEFDC972DC97BF60E /* Frameworks */ = {
			isa = PBXGroup;
			children = (
				30440A8649A75089540803F4 /* Pods_Yummie.framework */,
			);
			name = Frameworks;
			sourceTree = "<group>";
		};
/* End PBXGroup section */

/* Begin PBXNativeTarget section */
		848D9F31284A2415008CDF7F /* Yummie */ = {
			isa = PBXNativeTarget;
			buildConfigurationList = 848D9F46284A2417008CDF7F /* Build configuration list for PBXNativeTarget "Yummie" */;
			buildPhases = (
				B79F334B04FCD06B1F46EBA2 /* [CP] Check Pods Manifest.lock */,
				848D9F2E284A2415008CDF7F /* Sources */,
				848D9F2F284A2415008CDF7F /* Frameworks */,
				848D9F30284A2415008CDF7F /* Resources */,
				C01501EEEF2FB21255942CB9 /* [CP] Embed Pods Frameworks */,
			);
			buildRules = (
			);
			dependencies = (
			);
			name = Yummie;
			productName = Yummie;
			productReference = 848D9F32284A2415008CDF7F /* Yummie.app */;
			productType = "com.apple.product-type.application";
		};
/* End PBXNativeTarget section */

/* Begin PBXProject section */
		848D9F2A284A2415008CDF7F /* Project object */ = {
			isa = PBXProject;
			attributes = {
				BuildIndependentTargetsInParallel = 1;
				LastSwiftUpdateCheck = 1340;
				LastUpgradeCheck = 1340;
				TargetAttributes = {
					848D9F31284A2415008CDF7F = {
						CreatedOnToolsVersion = 13.4;
					};
				};
			};
			buildConfigurationList = 848D9F2D284A2415008CDF7F /* Build configuration list for PBXProject "Yummie" */;
			compatibilityVersion = "Xcode 13.0";
			developmentRegion = en;
			hasScannedForEncodings = 0;
			knownRegions = (
				en,
				Base,
			);
			mainGroup = 848D9F29284A2415008CDF7F;
			productRefGroup = 848D9F33284A2415008CDF7F /* Products */;
			projectDirPath = "";
			projectRoot = "";
			targets = (
				848D9F31284A2415008CDF7F /* Yummie */,
			);
		};
/* End PBXProject section */

/* Begin PBXResourcesBuildPhase section */
		848D9F30284A2415008CDF7F /* Resources */ = {
			isa = PBXResourcesBuildPhase;
			buildActionMask = 2147483647;
			files = (
				848D9F5E284BB00E008CDF7F /* CategoryCollectionViewCell.xib in Resources */,
				848D9F42284A2417008CDF7F /* LaunchScreen.storyboard in Resources */,
				848D9F6A284CED83008CDF7F /* DishPortraitCollectionViewCell.xib in Resources */,
				848D9F3F284A2417008CDF7F /* Assets.xcassets in Resources */,
				848D9F3D284A2415008CDF7F /* Main.storyboard in Resources */,
			);
			runOnlyForDeploymentPostprocessing = 0;
		};
/* End PBXResourcesBuildPhase section */

/* Begin PBXShellScriptBuildPhase section */
		B79F334B04FCD06B1F46EBA2 /* [CP] Check Pods Manifest.lock */ = {
			isa = PBXShellScriptBuildPhase;
			buildActionMask = 2147483647;
			files = (
			);
			inputFileListPaths = (
			);
			inputPaths = (
				"${PODS_PODFILE_DIR_PATH}/Podfile.lock",
				"${PODS_ROOT}/Manifest.lock",
			);
			name = "[CP] Check Pods Manifest.lock";
			outputFileListPaths = (
			);
			outputPaths = (
				"$(DERIVED_FILE_DIR)/Pods-Yummie-checkManifestLockResult.txt",
			);
			runOnlyForDeploymentPostprocessing = 0;
			shellPath = /bin/sh;
			shellScript = "diff \"${PODS_PODFILE_DIR_PATH}/Podfile.lock\" \"${PODS_ROOT}/Manifest.lock\" > /dev/null\nif [ $? != 0 ] ; then\n    # print error to STDERR\n    echo \"error: The sandbox is not in sync with the Podfile.lock. Run 'pod install' or update your CocoaPods installation.\" >&2\n    exit 1\nfi\n# This output is used by Xcode 'outputs' to avoid re-running this script phase.\necho \"SUCCESS\" > \"${SCRIPT_OUTPUT_FILE_0}\"\n";
			showEnvVarsInLog = 0;
		};
		C01501EEEF2FB21255942CB9 /* [CP] Embed Pods Frameworks */ = {
			isa = PBXShellScriptBuildPhase;
			buildActionMask = 2147483647;
			files = (
			);
			inputFileListPaths = (
				"${PODS_ROOT}/Target Support Files/Pods-Yummie/Pods-Yummie-frameworks-${CONFIGURATION}-input-files.xcfilelist",
			);
			name = "[CP] Embed Pods Frameworks";
			outputFileListPaths = (
				"${PODS_ROOT}/Target Support Files/Pods-Yummie/Pods-Yummie-frameworks-${CONFIGURATION}-output-files.xcfilelist",
			);
			runOnlyForDeploymentPostprocessing = 0;
			shellPath = /bin/sh;
			shellScript = "\"${PODS_ROOT}/Target Support Files/Pods-Yummie/Pods-Yummie-frameworks.sh\"\n";
			showEnvVarsInLog = 0;
		};
/* End PBXShellScriptBuildPhase section */

/* Begin PBXSourcesBuildPhase section */
		848D9F2E284A2415008CDF7F /* Sources */ = {
			isa = PBXSourcesBuildPhase;
			buildActionMask = 2147483647;
			files = (
				848D9F5D284BB00E008CDF7F /* CategoryCollectionViewCell.swift in Sources */,
				848D9F36284A2415008CDF7F /* AppDelegate.swift in Sources */,
				848D9F4E284A3956008CDF7F /* OnboardingViewController.swift in Sources */,
				848D9F53284A3F61008CDF7F /* OnboardingSlide.swift in Sources */,
				848D9F51284A3CCB008CDF7F /* UIView+Extension.swift in Sources */,
				848D9F38284A2415008CDF7F /* SceneDelegate.swift in Sources */,
				848D9F58284BA936008CDF7F /* HomeViewController.swift in Sources */,
				848D9F60284BB2DC008CDF7F /* DishCategory.swift in Sources */,
				848D9F62284CD269008CDF7F /* String+Extension.swift in Sources */,
				848D9F65284CD99F008CDF7F /* CardView.swift in Sources */,
				848D9F55284A42C4008CDF7F /* OnboardingCollectionViewCell.swift in Sources */,
				848D9F6C284CEFE0008CDF7F /* Dish.swift in Sources */,
				848D9F69284CED83008CDF7F /* DishPortraitCollectionViewCell.swift in Sources */,
			);
			runOnlyForDeploymentPostprocessing = 0;
		};
/* End PBXSourcesBuildPhase section */

/* Begin PBXVariantGroup section */
		848D9F3B284A2415008CDF7F /* Main.storyboard */ = {
			isa = PBXVariantGroup;
			children = (
				848D9F3C284A2415008CDF7F /* Base */,
			);
			name = Main.storyboard;
			sourceTree = "<group>";
		};
		848D9F40284A2417008CDF7F /* LaunchScreen.storyboard */ = {
			isa = PBXVariantGroup;
			children = (
				848D9F41284A2417008CDF7F /* Base */,
			);
			name = LaunchScreen.storyboard;
			sourceTree = "<group>";
		};
/* End PBXVariantGroup section */

/* Begin XCBuildConfiguration section */
		848D9F44284A2417008CDF7F /* Debug */ = {
			isa = XCBuildConfiguration;
			buildSettings = {
				ALWAYS_SEARCH_USER_PATHS = NO;
				CLANG_ANALYZER_NONNULL = YES;
				CLANG_ANALYZER_NUMBER_OBJECT_CONVERSION = YES_AGGRESSIVE;
				CLANG_CXX_LANGUAGE_STANDARD = "gnu++17";
				CLANG_ENABLE_MODULES = YES;
				CLANG_ENABLE_OBJC_ARC = YES;
				CLANG_ENABLE_OBJC_WEAK = YES;
				CLANG_WARN_BLOCK_CAPTURE_AUTORELEASING = YES;
				CLANG_WARN_BOOL_CONVERSION = YES;
				CLANG_WARN_COMMA = YES;
				CLANG_WARN_CONSTANT_CONVERSION = YES;
				CLANG_WARN_DEPRECATED_OBJC_IMPLEMENTATIONS = YES;
				CLANG_WARN_DIRECT_OBJC_ISA_USAGE = YES_ERROR;
				CLANG_WARN_DOCUMENTATION_COMMENTS = YES;
				CLANG_WARN_EMPTY_BODY = YES;
				CLANG_WARN_ENUM_CONVERSION = YES;
				CLANG_WARN_INFINITE_RECURSION = YES;
				CLANG_WARN_INT_CONVERSION = YES;
				CLANG_WARN_NON_LITERAL_NULL_CONVERSION = YES;
				CLANG_WARN_OBJC_IMPLICIT_RETAIN_SELF = YES;
				CLANG_WARN_OBJC_LITERAL_CONVERSION = YES;
				CLANG_WARN_OBJC_ROOT_CLASS = YES_ERROR;
				CLANG_WARN_QUOTED_INCLUDE_IN_FRAMEWORK_HEADER = YES;
				CLANG_WARN_RANGE_LOOP_ANALYSIS = YES;
				CLANG_WARN_STRICT_PROTOTYPES = YES;
				CLANG_WARN_SUSPICIOUS_MOVE = YES;
				CLANG_WARN_UNGUARDED_AVAILABILITY = YES_AGGRESSIVE;
				CLANG_WARN_UNREACHABLE_CODE = YES;
				CLANG_WARN__DUPLICATE_METHOD_MATCH = YES;
				COPY_PHASE_STRIP = NO;
				DEBUG_INFORMATION_FORMAT = dwarf;
				ENABLE_STRICT_OBJC_MSGSEND = YES;
				ENABLE_TESTABILITY = YES;
				GCC_C_LANGUAGE_STANDARD = gnu11;
				GCC_DYNAMIC_NO_PIC = NO;
				GCC_NO_COMMON_BLOCKS = YES;
				GCC_OPTIMIZATION_LEVEL = 0;
				GCC_PREPROCESSOR_DEFINITIONS = (
					"DEBUG=1",
					"$(inherited)",
				);
				GCC_WARN_64_TO_32_BIT_CONVERSION = YES;
				GCC_WARN_ABOUT_RETURN_TYPE = YES_ERROR;
				GCC_WARN_UNDECLARED_SELECTOR = YES;
				GCC_WARN_UNINITIALIZED_AUTOS = YES_AGGRESSIVE;
				GCC_WARN_UNUSED_FUNCTION = YES;
				GCC_WARN_UNUSED_VARIABLE = YES;
				IPHONEOS_DEPLOYMENT_TARGET = 15.5;
				MTL_ENABLE_DEBUG_INFO = INCLUDE_SOURCE;
				MTL_FAST_MATH = YES;
				ONLY_ACTIVE_ARCH = YES;
				SDKROOT = iphoneos;
				SWIFT_ACTIVE_COMPILATION_CONDITIONS = DEBUG;
				SWIFT_OPTIMIZATION_LEVEL = "-Onone";
			};
			name = Debug;
		};
		848D9F45284A2417008CDF7F /* Release */ = {
			isa = XCBuildConfiguration;
			buildSettings = {
				ALWAYS_SEARCH_USER_PATHS = NO;
				CLANG_ANALYZER_NONNULL = YES;
				CLANG_ANALYZER_NUMBER_OBJECT_CONVERSION = YES_AGGRESSIVE;
				CLANG_CXX_LANGUAGE_STANDARD = "gnu++17";
				CLANG_ENABLE_MODULES = YES;
				CLANG_ENABLE_OBJC_ARC = YES;
				CLANG_ENABLE_OBJC_WEAK = YES;
				CLANG_WARN_BLOCK_CAPTURE_AUTORELEASING = YES;
				CLANG_WARN_BOOL_CONVERSION = YES;
				CLANG_WARN_COMMA = YES;
				CLANG_WARN_CONSTANT_CONVERSION = YES;
				CLANG_WARN_DEPRECATED_OBJC_IMPLEMENTATIONS = YES;
				CLANG_WARN_DIRECT_OBJC_ISA_USAGE = YES_ERROR;
				CLANG_WARN_DOCUMENTATION_COMMENTS = YES;
				CLANG_WARN_EMPTY_BODY = YES;
				CLANG_WARN_ENUM_CONVERSION = YES;
				CLANG_WARN_INFINITE_RECURSION = YES;
				CLANG_WARN_INT_CONVERSION = YES;
				CLANG_WARN_NON_LITERAL_NULL_CONVERSION = YES;
				CLANG_WARN_OBJC_IMPLICIT_RETAIN_SELF = YES;
				CLANG_WARN_OBJC_LITERAL_CONVERSION = YES;
				CLANG_WARN_OBJC_ROOT_CLASS = YES_ERROR;
				CLANG_WARN_QUOTED_INCLUDE_IN_FRAMEWORK_HEADER = YES;
				CLANG_WARN_RANGE_LOOP_ANALYSIS = YES;
				CLANG_WARN_STRICT_PROTOTYPES = YES;
				CLANG_WARN_SUSPICIOUS_MOVE = YES;
				CLANG_WARN_UNGUARDED_AVAILABILITY = YES_AGGRESSIVE;
				CLANG_WARN_UNREACHABLE_CODE = YES;
				CLANG_WARN__DUPLICATE_METHOD_MATCH = YES;
				COPY_PHASE_STRIP = NO;
				DEBUG_INFORMATION_FORMAT = "dwarf-with-dsym";
				ENABLE_NS_ASSERTIONS = NO;
				ENABLE_STRICT_OBJC_MSGSEND = YES;
				GCC_C_LANGUAGE_STANDARD = gnu11;
				GCC_NO_COMMON_BLOCKS = YES;
				GCC_WARN_64_TO_32_BIT_CONVERSION = YES;
				GCC_WARN_ABOUT_RETURN_TYPE = YES_ERROR;
				GCC_WARN_UNDECLARED_SELECTOR = YES;
				GCC_WARN_UNINITIALIZED_AUTOS = YES_AGGRESSIVE;
				GCC_WARN_UNUSED_FUNCTION = YES;
				GCC_WARN_UNUSED_VARIABLE = YES;
				IPHONEOS_DEPLOYMENT_TARGET = 15.5;
				MTL_ENABLE_DEBUG_INFO = NO;
				MTL_FAST_MATH = YES;
				SDKROOT = iphoneos;
				SWIFT_COMPILATION_MODE = wholemodule;
				SWIFT_OPTIMIZATION_LEVEL = "-O";
				VALIDATE_PRODUCT = YES;
			};
			name = Release;
		};
		848D9F47284A2417008CDF7F /* Debug */ = {
			isa = XCBuildConfiguration;
			baseConfigurationReference = B110B0D2946D54A1E5E9DB52 /* Pods-Yummie.debug.xcconfig */;
			buildSettings = {
				ASSETCATALOG_COMPILER_APPICON_NAME = AppIcon;
				ASSETCATALOG_COMPILER_GLOBAL_ACCENT_COLOR_NAME = AccentColor;
				CODE_SIGN_STYLE = Automatic;
				CURRENT_PROJECT_VERSION = 1;
				DEVELOPMENT_TEAM = 9Y94J8V38R;
				GENERATE_INFOPLIST_FILE = YES;
				INFOPLIST_FILE = Yummie/Info.plist;
				INFOPLIST_KEY_UIApplicationSupportsIndirectInputEvents = YES;
				INFOPLIST_KEY_UILaunchStoryboardName = LaunchScreen;
				INFOPLIST_KEY_UIMainStoryboardFile = Main;
				INFOPLIST_KEY_UISupportedInterfaceOrientations_iPad = "UIInterfaceOrientationPortrait UIInterfaceOrientationPortraitUpsideDown UIInterfaceOrientationLandscapeLeft UIInterfaceOrientationLandscapeRight";
				INFOPLIST_KEY_UISupportedInterfaceOrientations_iPhone = "UIInterfaceOrientationPortrait UIInterfaceOrientationLandscapeLeft UIInterfaceOrientationLandscapeRight";
				LD_RUNPATH_SEARCH_PATHS = (
					"$(inherited)",
					"@executable_path/Frameworks",
				);
				MARKETING_VERSION = 1.0;
				PRODUCT_BUNDLE_IDENTIFIER = com.AlelsandrVorobey.Yummie;
				PRODUCT_NAME = "$(TARGET_NAME)";
				SWIFT_EMIT_LOC_STRINGS = YES;
				SWIFT_VERSION = 5.0;
				TARGETED_DEVICE_FAMILY = "1,2";
			};
			name = Debug;
		};
		848D9F48284A2417008CDF7F /* Release */ = {
			isa = XCBuildConfiguration;
			baseConfigurationReference = C9AD1BFF846C3B7CD4C64745 /* Pods-Yummie.release.xcconfig */;
			buildSettings = {
				ASSETCATALOG_COMPILER_APPICON_NAME = AppIcon;
				ASSETCATALOG_COMPILER_GLOBAL_ACCENT_COLOR_NAME = AccentColor;
				CODE_SIGN_STYLE = Automatic;
				CURRENT_PROJECT_VERSION = 1;
				DEVELOPMENT_TEAM = 9Y94J8V38R;
				GENERATE_INFOPLIST_FILE = YES;
				INFOPLIST_FILE = Yummie/Info.plist;
				INFOPLIST_KEY_UIApplicationSupportsIndirectInputEvents = YES;
				INFOPLIST_KEY_UILaunchStoryboardName = LaunchScreen;
				INFOPLIST_KEY_UIMainStoryboardFile = Main;
				INFOPLIST_KEY_UISupportedInterfaceOrientations_iPad = "UIInterfaceOrientationPortrait UIInterfaceOrientationPortraitUpsideDown UIInterfaceOrientationLandscapeLeft UIInterfaceOrientationLandscapeRight";
				INFOPLIST_KEY_UISupportedInterfaceOrientations_iPhone = "UIInterfaceOrientationPortrait UIInterfaceOrientationLandscapeLeft UIInterfaceOrientationLandscapeRight";
				LD_RUNPATH_SEARCH_PATHS = (
					"$(inherited)",
					"@executable_path/Frameworks",
				);
				MARKETING_VERSION = 1.0;
				PRODUCT_BUNDLE_IDENTIFIER = com.AlelsandrVorobey.Yummie;
				PRODUCT_NAME = "$(TARGET_NAME)";
				SWIFT_EMIT_LOC_STRINGS = YES;
				SWIFT_VERSION = 5.0;
				TARGETED_DEVICE_FAMILY = "1,2";
			};
			name = Release;
		};
/* End XCBuildConfiguration section */

/* Begin XCConfigurationList section */
		848D9F2D284A2415008CDF7F /* Build configuration list for PBXProject "Yummie" */ = {
			isa = XCConfigurationList;
			buildConfigurations = (
				848D9F44284A2417008CDF7F /* Debug */,
				848D9F45284A2417008CDF7F /* Release */,
			);
			defaultConfigurationIsVisible = 0;
			defaultConfigurationName = Release;
		};
		848D9F46284A2417008CDF7F /* Build configuration list for PBXNativeTarget "Yummie" */ = {
			isa = XCConfigurationList;
			buildConfigurations = (
				848D9F47284A2417008CDF7F /* Debug */,
				848D9F48284A2417008CDF7F /* Release */,
			);
			defaultConfigurationIsVisible = 0;
			defaultConfigurationName = Release;
		};
/* End XCConfigurationList section */
	};
	rootObject = 848D9F2A284A2415008CDF7F /* Project object */;
}
